
Microsoft Visual Studio Solution File, Format Version 12.00
# Visual Studio 15
VisualStudioVersion = 15.0.28307.1022
MinimumVisualStudioVersion = 10.0.40219.1
Project("{2150E333-8FDC-42A3-9474-1A3956D46DE8}") = "AboutClasses", "AboutClasses", "{109B0263-1373-4D1F-8FC1-5B62388C1823}"
EndProject
Project("{FAE04EC0-301F-11D3-BF4B-00C04F79EFBC}") = "ClassesTraining", "ClassesTraining\ClassesTraining.csproj", "{F5BFA56A-2290-4557-AF1C-0C048668164E}"
EndProject
Project("{2150E333-8FDC-42A3-9474-1A3956D46DE8}") = "Excercises", "Excercises", "{37C3196A-5AE5-4ECC-B579-E66F6ED566FF}"
EndProject
Project("{FAE04EC0-301F-11D3-BF4B-00C04F79EFBC}") = "MyInternalProject", "MyInternalProject\MyInternalProject.csproj", "{955F33A4-7F17-48C6-AF59-40F710A4D008}"
EndProject
Project("{FAE04EC0-301F-11D3-BF4B-00C04F79EFBC}") = "DebugTutorial", "DebugTutorial\DebugTutorial.csproj", "{62098E26-7E35-4915-AEB1-962238ED8B7C}"
EndProject
Project("{FAE04EC0-301F-11D3-BF4B-00C04F79EFBC}") = "ExcercisesDescriptions", "ExcercisesDescriptions\ExcercisesDescriptions.csproj", "{CF0D3F49-B8A8-4E7D-BD8C-3B81AB1666DE}"
EndProject
Project("{FAE04EC0-301F-11D3-BF4B-00C04F79EFBC}") = "TemplateExcercisesApp", "TemplateExcercisesApp\TemplateExcercisesApp.csproj", "{88612EFA-2F55-4691-9C0B-42BCD41AD129}"
EndProject
Project("{2150E333-8FDC-42A3-9474-1A3956D46DE8}") = "AboutGenericTypes", "AboutGenericTypes", "{930512EB-4B85-46FB-9AB8-4044C72E03C6}"
EndProject
Project("{FAE04EC0-301F-11D3-BF4B-00C04F79EFBC}") = "ListTraining", "ListTraining\ListTraining.csproj", "{9250B4C3-EE48-44E3-B321-2BB870BD0992}"
EndProject
Project("{2150E333-8FDC-42A3-9474-1A3956D46DE8}") = "AboutOthers", "AboutOthers", "{2E21DBA4-A78A-41BE-90FA-3E387961A9BC}"
EndProject
Project("{FAE04EC0-301F-11D3-BF4B-00C04F79EFBC}") = "RandomTraining", "RandomTraining\RandomTraining.csproj", "{D339AEA0-F77E-41B1-90F1-F4C7A7743F6C}"
EndProject
Project("{2150E333-8FDC-42A3-9474-1A3956D46DE8}") = "Anita", "Anita", "{F394D33C-3234-4CB8-94A5-592552F1B11F}"
EndProject
Project("{9A19103F-16F7-4668-BE54-9A1E7A4F7556}") = "ExcerciseSelector", "ExcerciseSelector\ExcerciseSelector.csproj", "{1DF3CC31-626B-4E20-80AD-1D7642D4E8C7}"
EndProject
Project("{2150E333-8FDC-42A3-9474-1A3956D46DE8}") = "Practicies", "Practicies", "{4E9EB298-83AF-4A8D-814E-3DF12157C87F}"
EndProject
Project("{9A19103F-16F7-4668-BE54-9A1E7A4F7556}") = "LoopPractise", "LoopPractise\LoopPractise.csproj", "{318EF5DC-8A51-40C7-A53F-5A6CBBE49E04}"
EndProject
Project("{2150E333-8FDC-42A3-9474-1A3956D46DE8}") = "AboutBasics", "AboutBasics", "{ADF904A8-5818-4707-93D1-B592B3013AAD}"
EndProject
Project("{9A19103F-16F7-4668-BE54-9A1E7A4F7556}") = "LoopTraining", "LoopTraining\LoopTraining.csproj", "{2D86EEAA-B3F5-4581-92E8-90F374B0EDEA}"
EndProject
Project("{FAE04EC0-301F-11D3-BF4B-00C04F79EFBC}") = "ValueTypesTraining", "ValueTypesTraining\ValueTypesTraining.csproj", "{9716C470-3D03-43BF-8B36-494C24785359}"
EndProject
Global
	GlobalSection(SolutionConfigurationPlatforms) = preSolution
		Debug|Any CPU = Debug|Any CPU
		Release|Any CPU = Release|Any CPU
	EndGlobalSection
	GlobalSection(ProjectConfigurationPlatforms) = postSolution
		{F5BFA56A-2290-4557-AF1C-0C048668164E}.Debug|Any CPU.ActiveCfg = Debug|Any CPU
		{F5BFA56A-2290-4557-AF1C-0C048668164E}.Debug|Any CPU.Build.0 = Debug|Any CPU
		{F5BFA56A-2290-4557-AF1C-0C048668164E}.Release|Any CPU.ActiveCfg = Release|Any CPU
		{F5BFA56A-2290-4557-AF1C-0C048668164E}.Release|Any CPU.Build.0 = Release|Any CPU
		{955F33A4-7F17-48C6-AF59-40F710A4D008}.Debug|Any CPU.ActiveCfg = Debug|Any CPU
		{955F33A4-7F17-48C6-AF59-40F710A4D008}.Debug|Any CPU.Build.0 = Debug|Any CPU
		{955F33A4-7F17-48C6-AF59-40F710A4D008}.Release|Any CPU.ActiveCfg = Release|Any CPU
		{955F33A4-7F17-48C6-AF59-40F710A4D008}.Release|Any CPU.Build.0 = Release|Any CPU
		{62098E26-7E35-4915-AEB1-962238ED8B7C}.Debug|Any CPU.ActiveCfg = Debug|Any CPU
		{62098E26-7E35-4915-AEB1-962238ED8B7C}.Debug|Any CPU.Build.0 = Debug|Any CPU
		{62098E26-7E35-4915-AEB1-962238ED8B7C}.Release|Any CPU.ActiveCfg = Release|Any CPU
		{62098E26-7E35-4915-AEB1-962238ED8B7C}.Release|Any CPU.Build.0 = Release|Any CPU
		{CF0D3F49-B8A8-4E7D-BD8C-3B81AB1666DE}.Debug|Any CPU.ActiveCfg = Debug|Any CPU
		{CF0D3F49-B8A8-4E7D-BD8C-3B81AB1666DE}.Debug|Any CPU.Build.0 = Debug|Any CPU
		{CF0D3F49-B8A8-4E7D-BD8C-3B81AB1666DE}.Release|Any CPU.ActiveCfg = Release|Any CPU
		{CF0D3F49-B8A8-4E7D-BD8C-3B81AB1666DE}.Release|Any CPU.Build.0 = Release|Any CPU
		{88612EFA-2F55-4691-9C0B-42BCD41AD129}.Debug|Any CPU.ActiveCfg = Debug|Any CPU
		{88612EFA-2F55-4691-9C0B-42BCD41AD129}.Debug|Any CPU.Build.0 = Debug|Any CPU
		{88612EFA-2F55-4691-9C0B-42BCD41AD129}.Release|Any CPU.ActiveCfg = Release|Any CPU
		{88612EFA-2F55-4691-9C0B-42BCD41AD129}.Release|Any CPU.Build.0 = Release|Any CPU
		{9250B4C3-EE48-44E3-B321-2BB870BD0992}.Debug|Any CPU.ActiveCfg = Debug|Any CPU
		{9250B4C3-EE48-44E3-B321-2BB870BD0992}.Debug|Any CPU.Build.0 = Debug|Any CPU
		{9250B4C3-EE48-44E3-B321-2BB870BD0992}.Release|Any CPU.ActiveCfg = Release|Any CPU
		{9250B4C3-EE48-44E3-B321-2BB870BD0992}.Release|Any CPU.Build.0 = Release|Any CPU
		{D339AEA0-F77E-41B1-90F1-F4C7A7743F6C}.Debug|Any CPU.ActiveCfg = Debug|Any CPU
		{D339AEA0-F77E-41B1-90F1-F4C7A7743F6C}.Debug|Any CPU.Build.0 = Debug|Any CPU
		{D339AEA0-F77E-41B1-90F1-F4C7A7743F6C}.Release|Any CPU.ActiveCfg = Release|Any CPU
		{D339AEA0-F77E-41B1-90F1-F4C7A7743F6C}.Release|Any CPU.Build.0 = Release|Any CPU
		{1DF3CC31-626B-4E20-80AD-1D7642D4E8C7}.Debug|Any CPU.ActiveCfg = Debug|Any CPU
		{1DF3CC31-626B-4E20-80AD-1D7642D4E8C7}.Debug|Any CPU.Build.0 = Debug|Any CPU
		{1DF3CC31-626B-4E20-80AD-1D7642D4E8C7}.Release|Any CPU.ActiveCfg = Release|Any CPU
		{1DF3CC31-626B-4E20-80AD-1D7642D4E8C7}.Release|Any CPU.Build.0 = Release|Any CPU
		{318EF5DC-8A51-40C7-A53F-5A6CBBE49E04}.Debug|Any CPU.ActiveCfg = Debug|Any CPU
		{318EF5DC-8A51-40C7-A53F-5A6CBBE49E04}.Debug|Any CPU.Build.0 = Debug|Any CPU
		{318EF5DC-8A51-40C7-A53F-5A6CBBE49E04}.Release|Any CPU.ActiveCfg = Release|Any CPU
		{318EF5DC-8A51-40C7-A53F-5A6CBBE49E04}.Release|Any CPU.Build.0 = Release|Any CPU
		{2D86EEAA-B3F5-4581-92E8-90F374B0EDEA}.Debug|Any CPU.ActiveCfg = Debug|Any CPU
		{2D86EEAA-B3F5-4581-92E8-90F374B0EDEA}.Debug|Any CPU.Build.0 = Debug|Any CPU
		{2D86EEAA-B3F5-4581-92E8-90F374B0EDEA}.Release|Any CPU.ActiveCfg = Release|Any CPU
		{2D86EEAA-B3F5-4581-92E8-90F374B0EDEA}.Release|Any CPU.Build.0 = Release|Any CPU
		{9716C470-3D03-43BF-8B36-494C24785359}.Debug|Any CPU.ActiveCfg = Debug|Any CPU
		{9716C470-3D03-43BF-8B36-494C24785359}.Debug|Any CPU.Build.0 = Debug|Any CPU
		{9716C470-3D03-43BF-8B36-494C24785359}.Release|Any CPU.ActiveCfg = Release|Any CPU
		{9716C470-3D03-43BF-8B36-494C24785359}.Release|Any CPU.Build.0 = Release|Any CPU
	EndGlobalSection
	GlobalSection(SolutionProperties) = preSolution
		HideSolutionNode = FALSE
	EndGlobalSection
	GlobalSection(NestedProjects) = preSolution
		{F5BFA56A-2290-4557-AF1C-0C048668164E} = {109B0263-1373-4D1F-8FC1-5B62388C1823}
		{955F33A4-7F17-48C6-AF59-40F710A4D008} = {109B0263-1373-4D1F-8FC1-5B62388C1823}
		{62098E26-7E35-4915-AEB1-962238ED8B7C} = {109B0263-1373-4D1F-8FC1-5B62388C1823}
		{CF0D3F49-B8A8-4E7D-BD8C-3B81AB1666DE} = {37C3196A-5AE5-4ECC-B579-E66F6ED566FF}
		{88612EFA-2F55-4691-9C0B-42BCD41AD129} = {37C3196A-5AE5-4ECC-B579-E66F6ED566FF}
		{9250B4C3-EE48-44E3-B321-2BB870BD0992} = {930512EB-4B85-46FB-9AB8-4044C72E03C6}
		{D339AEA0-F77E-41B1-90F1-F4C7A7743F6C} = {2E21DBA4-A78A-41BE-90FA-3E387961A9BC}
		{F394D33C-3234-4CB8-94A5-592552F1B11F} = {37C3196A-5AE5-4ECC-B579-E66F6ED566FF}
		{1DF3CC31-626B-4E20-80AD-1D7642D4E8C7} = {F394D33C-3234-4CB8-94A5-592552F1B11F}
		{4E9EB298-83AF-4A8D-814E-3DF12157C87F} = {F394D33C-3234-4CB8-94A5-592552F1B11F}
		{318EF5DC-8A51-40C7-A53F-5A6CBBE49E04} = {4E9EB298-83AF-4A8D-814E-3DF12157C87F}
		{2D86EEAA-B3F5-4581-92E8-90F374B0EDEA} = {ADF904A8-5818-4707-93D1-B592B3013AAD}
		{9716C470-3D03-43BF-8B36-494C24785359} = {ADF904A8-5818-4707-93D1-B592B3013AAD}
	EndGlobalSection
	GlobalSection(ExtensibilityGlobals) = postSolution
		SolutionGuid = {06305904-9C02-4D7E-8CEB-B560A600DD78}
	EndGlobalSection
EndGlobal
